
Microsoft Visual Studio Solution File, Format Version 12.00
# Visual Studio Version 17
VisualStudioVersion = 17.0.32126.317
MinimumVisualStudioVersion = 10.0.40219.1
Project("{FAE04EC0-301F-11D3-BF4B-00C04F79EFBC}") = "InterfacesKatmanlarArasiGecis-Oracle-Sql", "InterfacesKatmanlarArasiGecis-Oracle-Sql.csproj", "{CE27F456-2E7F-479C-9487-FD81B9C61438}"
EndProject
Global
	GlobalSection(SolutionConfigurationPlatforms) = preSolution
		Debug|Any CPU = Debug|Any CPU
		Release|Any CPU = Release|Any CPU
	EndGlobalSection
	GlobalSection(ProjectConfigurationPlatforms) = postSolution
		{CE27F456-2E7F-479C-9487-FD81B9C61438}.Debug|Any CPU.ActiveCfg = Debug|Any CPU
		{CE27F456-2E7F-479C-9487-FD81B9C61438}.Debug|Any CPU.Build.0 = Debug|Any CPU
		{CE27F456-2E7F-479C-9487-FD81B9C61438}.Release|Any CPU.ActiveCfg = Release|Any CPU
		{CE27F456-2E7F-479C-9487-FD81B9C61438}.Release|Any CPU.Build.0 = Release|Any CPU
	EndGlobalSection
	GlobalSection(SolutionProperties) = preSolution
		HideSolutionNode = FALSE
	EndGlobalSection
	GlobalSection(ExtensibilityGlobals) = postSolution
		SolutionGuid = {886732C7-B935-4111-BC70-B91AF41A2CF6}
	EndGlobalSection
EndGlobal
